devDependencies:
  '@types/node': 17.0.38
  react: 18.1.0
lockfileVersion: 5.2
packages:
  /@types/node/17.0.38:
    dev: true
    resolution:
      integrity: sha512-5jY9RhV7c0Z4Jy09G+NIDTsCZ5G0L5n+Z+p+Y7t5VJHM30bgwzSjVtlcBxqAj+6L/swIlvtOSzr8rBk/aNyV2g==
  /js-tokens/4.0.0:
    dev: true
    resolution:
      integrity: sha512-RdJUflcE3cUzKiMqQgsCu06FPu9UdIJO0beYbPhHN4k6apgJtifcoCtT9bcxOpYBtpD2kCM6Sbzg4CausW/PKQ==
  /loose-envify/1.4.0:
    dependencies:
      js-tokens: 4.0.0
    dev: true
    hasBin: true
    resolution:
      integrity: sha512-lyuxPGr/Wfhrlem2CL/UcnUc1zcqKAImBDzukY7Y5F/yQiNdko6+fRLevlw1HgMySw7f611UIY408EtxRSoK3Q==
  /react/18.1.0:
    dependencies:
      loose-envify: 1.4.0
    dev: true
    engines:
      node: '>=0.10.0'
    resolution:
      integrity: sha512-4oL8ivCz5ZEPyclFQXaNksK3adutVS8l2xzZU0cqEFrE9Sb7fC0EFK5uEk74wIreL1DERyjvsU915j1pcT2uEQ==
specifiers:
  '@types/node': ^17.0.38
  react: ^18.1.0
